{
  "name": "@nijil71/lumi-cli",
  "version": "1.0.3",
  "lockfileVersion": 3,
  "requires": true,
  "packages": {
    "": {
      "name": "@nijil71/lumi-cli",
      "version": "1.0.3",
      "license": "MIT",
      "bin": {
        "lumi": "src/cli.js"
      },
      "engines": {
        "node": ">=18"
      }
    }
  }
}
